
Microsoft Visual Studio Solution File, Format Version 12.00
# Visual Studio Version 16
VisualStudioVersion = 16.0.31624.102
MinimumVisualStudioVersion = 10.0.40219.1
Project("{9A19103F-16F7-4668-BE54-9A1E7A4F7556}") = "DAB2_3", "DAB2_3.csproj", "{36BC7C4B-9FE4-462C-A0BA-2949011DF0C7}"
EndProject
Global
	GlobalSection(SolutionConfigurationPlatforms) = preSolution
		Debug|Any CPU = Debug|Any CPU
		Release|Any CPU = Release|Any CPU
	EndGlobalSection
	GlobalSection(ProjectConfigurationPlatforms) = postSolution
		{36BC7C4B-9FE4-462C-A0BA-2949011DF0C7}.Debug|Any CPU.ActiveCfg = Debug|Any CPU
		{36BC7C4B-9FE4-462C-A0BA-2949011DF0C7}.Debug|Any CPU.Build.0 = Debug|Any CPU
		{36BC7C4B-9FE4-462C-A0BA-2949011DF0C7}.Release|Any CPU.ActiveCfg = Release|Any CPU
		{36BC7C4B-9FE4-462C-A0BA-2949011DF0C7}.Release|Any CPU.Build.0 = Release|Any CPU
	EndGlobalSection
	GlobalSection(SolutionProperties) = preSolution
		HideSolutionNode = FALSE
	EndGlobalSection
	GlobalSection(ExtensibilityGlobals) = postSolution
		SolutionGuid = {BBA81E98-A6C3-4FB0-9A4F-91A64356B56D}
	EndGlobalSection
EndGlobal
